// !$*UTF8*$!
{
	archiveVersion = 1;
	classes = {
	};
	objectVersion = 50;
	objects = {

/* Begin PBXBuildFile section */
		3E672A4725F94DCB00A42219 /* MeApp.swift in Sources */ = {isa = PBXBuildFile; fileRef = 3E672A4625F94DCB00A42219 /* MeApp.swift */; };
		3E672A4925F94DCB00A42219 /* ContentView.swift in Sources */ = {isa = PBXBuildFile; fileRef = 3E672A4825F94DCB00A42219 /* ContentView.swift */; };
		3E672A4B25F94DCE00A42219 /* Assets.xcassets in Resources */ = {isa = PBXBuildFile; fileRef = 3E672A4A25F94DCE00A42219 /* Assets.xcassets */; };
		3E672A4E25F94DCE00A42219 /* Preview Assets.xcassets in Resources */ = {isa = PBXBuildFile; fileRef = 3E672A4D25F94DCE00A42219 /* Preview Assets.xcassets */; };
		3E672A5925F94DCE00A42219 /* MeTests.swift in Sources */ = {isa = PBXBuildFile; fileRef = 3E672A5825F94DCE00A42219 /* MeTests.swift */; };
		3E672A6425F94DCE00A42219 /* MeUITests.swift in Sources */ = {isa = PBXBuildFile; fileRef = 3E672A6325F94DCE00A42219 /* MeUITests.swift */; };
		3E672A7D25F9566600A42219 /* InfoView.swift in Sources */ = {isa = PBXBuildFile; fileRef = 3E672A7C25F9566600A42219 /* InfoView.swift */; };
/* End PBXBuildFile section */

/* Begin PBXContainerItemProxy section */
		3E672A5525F94DCE00A42219 /* PBXContainerItemProxy */ = {
			isa = PBXContainerItemProxy;
			containerPortal = 3E672A3B25F94DCB00A42219 /* Project object */;
			proxyType = 1;
			remoteGlobalIDString = 3E672A4225F94DCB00A42219;
			remoteInfo = Me;
		};
		3E672A6025F94DCE00A42219 /* PBXContainerItemProxy */ = {
			isa = PBXContainerItemProxy;
			containerPortal = 3E672A3B25F94DCB00A42219 /* Project object */;
			proxyType = 1;
			remoteGlobalIDString = 3E672A4225F94DCB00A42219;
			remoteInfo = Me;
		};
/* End PBXContainerItemProxy section */

/* Begin PBXFileReference section */
		3E672A4325F94DCB00A42219 /* Me.app */ = {isa = PBXFileReference; explicitFileType = wrapper.application; includeInIndex = 0; path = Me.app; sourceTree = BUILT_PRODUCTS_DIR; };
		3E672A4625F94DCB00A42219 /* MeApp.swift */ = {isa = PBXFileReference; lastKnownFileType = sourcecode.swift; path = MeApp.swift; sourceTree = "<group>"; };
		3E672A4825F94DCB00A42219 /* ContentView.swift */ = {isa = PBXFileReference; lastKnownFileType = sourcecode.swift; path = ContentView.swift; sourceTree = "<group>"; };
		3E672A4A25F94DCE00A42219 /* Assets.xcassets */ = {isa = PBXFileReference; lastKnownFileType = folder.assetcatalog; path = Assets.xcassets; sourceTree = "<group>"; };
		3E672A4D25F94DCE00A42219 /* Preview Assets.xcassets */ = {isa = PBXFileReference; lastKnownFileType = folder.assetcatalog; path = "Preview Assets.xcassets"; sourceTree = "<group>"; };
		3E672A4F25F94DCE00A42219 /* Info.plist */ = {isa = PBXFileReference; lastKnownFileType = text.plist.xml; path = Info.plist; sourceTree = "<group>"; };
		3E672A5425F94DCE00A42219 /* MeTests.xctest */ = {isa = PBXFileReference; explicitFileType = wrapper.cfbundle; includeInIndex = 0; path = MeTests.xctest; sourceTree = BUILT_PRODUCTS_DIR; };
		3E672A5825F94DCE00A42219 /* MeTests.swift */ = {isa = PBXFileReference; lastKnownFileType = sourcecode.swift; path = MeTests.swift; sourceTree = "<group>"; };
		3E672A5A25F94DCE00A42219 /* Info.plist */ = {isa = PBXFileReference; lastKnownFileType = text.plist.xml; path = Info.plist; sourceTree = "<group>"; };
		3E672A5F25F94DCE00A42219 /* MeUITests.xctest */ = {isa = PBXFileReference; explicitFileType = wrapper.cfbundle; includeInIndex = 0; path = MeUITests.xctest; sourceTree = BUILT_PRODUCTS_DIR; };
		3E672A6325F94DCE00A42219 /* MeUITests.swift */ = {isa = PBXFileReference; lastKnownFileType = sourcecode.swift; path = MeUITests.swift; sourceTree = "<group>"; };
		3E672A6525F94DCE00A42219 /* Info.plist */ = {isa = PBXFileReference; lastKnownFileType = text.plist.xml; path = Info.plist; sourceTree = "<group>"; };
		3E672A7C25F9566600A42219 /* InfoView.swift */ = {isa = PBXFileReference; lastKnownFileType = sourcecode.swift; path = InfoView.swift; sourceTree = "<group>"; };
/* End PBXFileReference section */

/* Begin PBXFrameworksBuildPhase section */
		3E672A4025F94DCB00A42219 /* Frameworks */ = {
			isa = PBXFrameworksBuildPhase;
			buildActionMask = 2147483647;
			files = (
			);
			runOnlyForDeploymentPostprocessing = 0;
		};
		3E672A5125F94DCE00A42219 /* Frameworks */ = {
			isa = PBXFrameworksBuildPhase;
			buildActionMask = 2147483647;
			files = (
			);
			runOnlyForDeploymentPostprocessing = 0;
		};
		3E672A5C25F94DCE00A42219 /* Frameworks */ = {
			isa = PBXFrameworksBuildPhase;
			buildActionMask = 2147483647;
			files = (
			);
			runOnlyForDeploymentPostprocessing = 0;
		};
/* End PBXFrameworksBuildPhase section */

/* Begin PBXGroup section */
		3E672A3A25F94DCB00A42219 = {
			isa = PBXGroup;
			children = (
				3E672A4525F94DCB00A42219 /* Me */,
				3E672A5725F94DCE00A42219 /* MeTests */,
				3E672A6225F94DCE00A42219 /* MeUITests */,
				3E672A4425F94DCB00A42219 /* Products */,
			);
			sourceTree = "<group>";
		};
		3E672A4425F94DCB00A42219 /* Products */ = {
			isa = PBXGroup;
			children = (
				3E672A4325F94DCB00A42219 /* Me.app */,
				3E672A5425F94DCE00A42219 /* MeTests.xctest */,
				3E672A5F25F94DCE00A42219 /* MeUITests.xctest */,
			);
			name = Products;
			sourceTree = "<group>";
		};
		3E672A4525F94DCB00A42219 /* Me */ = {
			isa = PBXGroup;
			children = (
				3E672A7C25F9566600A42219 /* InfoView.swift */,
				3E672A4625F94DCB00A42219 /* MeApp.swift */,
				3E672A4825F94DCB00A42219 /* ContentView.swift */,
				3E672A4A25F94DCE00A42219 /* Assets.xcassets */,
				3E672A4F25F94DCE00A42219 /* Info.plist */,
				3E672A4C25F94DCE00A42219 /* Preview Content */,
			);
			path = Me;
			sourceTree = "<group>";
		};
		3E672A4C25F94DCE00A42219 /* Preview Content */ = {
			isa = PBXGroup;
			children = (
				3E672A4D25F94DCE00A42219 /* Preview Assets.xcassets */,
			);
			path = "Preview Content";
			sourceTree = "<group>";
		};
		3E672A5725F94DCE00A42219 /* MeTests */ = {
			isa = PBXGroup;
			children = (
				3E672A5825F94DCE00A42219 /* MeTests.swift */,
				3E672A5A25F94DCE00A42219 /* Info.plist */,
			);
			path = MeTests;
			sourceTree = "<group>";
		};
		3E672A6225F94DCE00A42219 /* MeUITests */ = {
			isa = PBXGroup;
			children = (
				3E672A6325F94DCE00A42219 /* MeUITests.swift */,
				3E672A6525F94DCE00A42219 /* Info.plist */,
			);
			path = MeUITests;
			sourceTree = "<group>";
		};
/* End PBXGroup section */

/* Begin PBXNativeTarget section */
		3E672A4225F94DCB00A42219 /* Me */ = {
			isa = PBXNativeTarget;
			buildConfigurationList = 3E672A6825F94DCE00A42219 /* Build configuration list for PBXNativeTarget "Me" */;
			buildPhases = (
				3E672A3F25F94DCB00A42219 /* Sources */,
				3E672A4025F94DCB00A42219 /* Frameworks */,
				3E672A4125F94DCB00A42219 /* Resources */,
			);
			buildRules = (
			);
			dependencies = (
			);
			name = Me;
			productName = Me;
			productReference = 3E672A4325F94DCB00A42219 /* Me.app */;
			productType = "com.apple.product-type.application";
		};
		3E672A5325F94DCE00A42219 /* MeTests */ = {
			isa = PBXNativeTarget;
			buildConfigurationList = 3E672A6B25F94DCE00A42219 /* Build configuration list for PBXNativeTarget "MeTests" */;
			buildPhases = (
				3E672A5025F94DCE00A42219 /* Sources */,
				3E672A5125F94DCE00A42219 /* Frameworks */,
				3E672A5225F94DCE00A42219 /* Resources */,
			);
			buildRules = (
			);
			dependencies = (
				3E672A5625F94DCE00A42219 /* PBXTargetDependency */,
			);
			name = MeTests;
			productName = MeTests;
			productReference = 3E672A5425F94DCE00A42219 /* MeTests.xctest */;
			productType = "com.apple.product-type.bundle.unit-test";
		};
		3E672A5E25F94DCE00A42219 /* MeUITests */ = {
			isa = PBXNativeTarget;
			buildConfigurationList = 3E672A6E25F94DCE00A42219 /* Build configuration list for PBXNativeTarget "MeUITests" */;
			buildPhases = (
				3E672A5B25F94DCE00A42219 /* Sources */,
				3E672A5C25F94DCE00A42219 /* Frameworks */,
				3E672A5D25F94DCE00A42219 /* Resources */,
			);
			buildRules = (
			);
			dependencies = (
				3E672A6125F94DCE00A42219 /* PBXTargetDependency */,
			);
			name = MeUITests;
			productName = MeUITests;
			productReference = 3E672A5F25F94DCE00A42219 /* MeUITests.xctest */;
			productType = "com.apple.product-type.bundle.ui-testing";
		};
/* End PBXNativeTarget section */

/* Begin PBXProject section */
		3E672A3B25F94DCB00A42219 /* Project object */ = {
			isa = PBXProject;
			attributes = {
				LastSwiftUpdateCheck = 1240;
				LastUpgradeCheck = 1240;
				TargetAttributes = {
					3E672A4225F94DCB00A42219 = {
						CreatedOnToolsVersion = 12.4;
					};
					3E672A5325F94DCE00A42219 = {
						CreatedOnToolsVersion = 12.4;
						TestTargetID = 3E672A4225F94DCB00A42219;
					};
					3E672A5E25F94DCE00A42219 = {
						CreatedOnToolsVersion = 12.4;
						TestTargetID = 3E672A4225F94DCB00A42219;
					};
				};
			};
			buildConfigurationList = 3E672A3E25F94DCB00A42219 /* Build configuration list for PBXProject "Me" */;
			compatibilityVersion = "Xcode 9.3";
			developmentRegion = en;
			hasScannedForEncodings = 0;
			knownRegions = (
				en,
				Base,
			);
			mainGroup = 3E672A3A25F94DCB00A42219;
			productRefGroup = 3E672A4425F94DCB00A42219 /* Products */;
			projectDirPath = "";
			projectRoot = "";
			targets = (
				3E672A4225F94DCB00A42219 /* Me */,
				3E672A5325F94DCE00A42219 /* MeTests */,
				3E672A5E25F94DCE00A42219 /* MeUITests */,
			);
		};
/* End PBXProject section */

/* Begin PBXResourcesBuildPhase section */
		3E672A4125F94DCB00A42219 /* Resources */ = {
			isa = PBXResourcesBuildPhase;
			buildActionMask = 2147483647;
			files = (
				3E672A4E25F94DCE00A42219 /* Preview Assets.xcassets in Resources */,
				3E672A4B25F94DCE00A42219 /* Assets.xcassets in Resources */,
			);
			runOnlyForDeploymentPostprocessing = 0;
		};
		3E672A5225F94DCE00A42219 /* Resources */ = {
			isa = PBXResourcesBuildPhase;
			buildActionMask = 2147483647;
			files = (
			);
			runOnlyForDeploymentPostprocessing = 0;
		};
		3E672A5D25F94DCE00A42219 /* Resources */ = {
			isa = PBXResourcesBuildPhase;
			buildActionMask = 2147483647;
			files = (
			);
			runOnlyForDeploymentPostprocessing = 0;
		};
/* End PBXResourcesBuildPhase section */

/* Begin PBXSourcesBuildPhase section */
		3E672A3F25F94DCB00A42219 /* Sources */ = {
			isa = PBXSourcesBuildPhase;
			buildActionMask = 2147483647;
			files = (
				3E672A4925F94DCB00A42219 /* ContentView.swift in Sources */,
				3E672A7D25F9566600A42219 /* InfoView.swift in Sources */,
				3E672A4725F94DCB00A42219 /* MeApp.swift in Sources */,
			);
			runOnlyForDeploymentPostprocessing = 0;
		};
		3E672A5025F94DCE00A42219 /* Sources */ = {
			isa = PBXSourcesBuildPhase;
			buildActionMask = 2147483647;
			files = (
				3E672A5925F94DCE00A42219 /* MeTests.swift in Sources */,
			);
			runOnlyForDeploymentPostprocessing = 0;
		};
		3E672A5B25F94DCE00A42219 /* Sources */ = {
			isa = PBXSourcesBuildPhase;
			buildActionMask = 2147483647;
			files = (
				3E672A6425F94DCE00A42219 /* MeUITests.swift in Sources */,
			);
			runOnlyForDeploymentPostprocessing = 0;
		};
/* End PBXSourcesBuildPhase section */

/* Begin PBXTargetDependency section */
		3E672A5625F94DCE00A42219 /* PBXTargetDependency */ = {
			isa = PBXTargetDependency;
			target = 3E672A4225F94DCB00A42219 /* Me */;
			targetProxy = 3E672A5525F94DCE00A42219 /* PBXContainerItemProxy */;
		};
		3E672A6125F94DCE00A42219 /* PBXTargetDependency */ = {
			isa = PBXTargetDependency;
			target = 3E672A4225F94DCB00A42219 /* Me */;
			targetProxy = 3E672A6025F94DCE00A42219 /* PBXContainerItemProxy */;
		};
/* End PBXTargetDependency section */

/* Begin XCBuildConfiguration section */
		3E672A6625F94DCE00A42219 /* Debug */ = {
			isa = XCBuildConfiguration;
			buildSettings = {
				ALWAYS_SEARCH_USER_PATHS = NO;
				CLANG_ANALYZER_NONNULL = YES;
				CLANG_ANALYZER_NUMBER_OBJECT_CONVERSION = YES_AGGRESSIVE;
				CLANG_CXX_LANGUAGE_STANDARD = "gnu++14";
				CLANG_CXX_LIBRARY = "libc++";
				CLANG_ENABLE_MODULES = YES;
				CLANG_ENABLE_OBJC_ARC = YES;
				CLANG_ENABLE_OBJC_WEAK = YES;
				CLANG_WARN_BLOCK_CAPTURE_AUTORELEASING = YES;
				CLANG_WARN_BOOL_CONVERSION = YES;
				CLANG_WARN_COMMA = YES;
				CLANG_WARN_CONSTANT_CONVERSION = YES;
				CLANG_WARN_DEPRECATED_OBJC_IMPLEMENTATIONS = YES;
				CLANG_WARN_DIRECT_OBJC_ISA_USAGE = YES_ERROR;
				CLANG_WARN_DOCUMENTATION_COMMENTS = YES;
				CLANG_WARN_EMPTY_BODY = YES;
				CLANG_WARN_ENUM_CONVERSION = YES;
				CLANG_WARN_INFINITE_RECURSION = YES;
				CLANG_WARN_INT_CONVERSION = YES;
				CLANG_WARN_NON_LITERAL_NULL_CONVERSION = YES;
				CLANG_WARN_OBJC_IMPLICIT_RETAIN_SELF = YES;
				CLANG_WARN_OBJC_LITERAL_CONVERSION = YES;
				CLANG_WARN_OBJC_ROOT_CLASS = YES_ERROR;
				CLANG_WARN_QUOTED_INCLUDE_IN_FRAMEWORK_HEADER = YES;
				CLANG_WARN_RANGE_LOOP_ANALYSIS = YES;
				CLANG_WARN_STRICT_PROTOTYPES = YES;
				CLANG_WARN_SUSPICIOUS_MOVE = YES;
				CLANG_WARN_UNGUARDED_AVAILABILITY = YES_AGGRESSIVE;
				CLANG_WARN_UNREACHABLE_CODE = YES;
				CLANG_WARN__DUPLICATE_METHOD_MATCH = YES;
				COPY_PHASE_STRIP = NO;
				DEBUG_INFORMATION_FORMAT = dwarf;
				ENABLE_STRICT_OBJC_MSGSEND = YES;
				ENABLE_TESTABILITY = YES;
				GCC_C_LANGUAGE_STANDARD = gnu11;
				GCC_DYNAMIC_NO_PIC = NO;
				GCC_NO_COMMON_BLOCKS = YES;
				GCC_OPTIMIZATION_LEVEL = 0;
				GCC_PREPROCESSOR_DEFINITIONS = (
					"DEBUG=1",
					"$(inherited)",
				);
				GCC_WARN_64_TO_32_BIT_CONVERSION = YES;
				GCC_WARN_ABOUT_RETURN_TYPE = YES_ERROR;
				GCC_WARN_UNDECLARED_SELECTOR = YES;
				GCC_WARN_UNINITIALIZED_AUTOS = YES_AGGRESSIVE;
				GCC_WARN_UNUSED_FUNCTION = YES;
				GCC_WARN_UNUSED_VARIABLE = YES;
				IPHONEOS_DEPLOYMENT_TARGET = 14.4;
				MTL_ENABLE_DEBUG_INFO = INCLUDE_SOURCE;
				MTL_FAST_MATH = YES;
				ONLY_ACTIVE_ARCH = YES;
				SDKROOT = iphoneos;
				SWIFT_ACTIVE_COMPILATION_CONDITIONS = DEBUG;
				SWIFT_OPTIMIZATION_LEVEL = "-Onone";
			};
			name = Debug;
		};
		3E672A6725F94DCE00A42219 /* Release */ = {
			isa = XCBuildConfiguration;
			buildSettings = {
				ALWAYS_SEARCH_USER_PATHS = NO;
				CLANG_ANALYZER_NONNULL = YES;
				CLANG_ANALYZER_NUMBER_OBJECT_CONVERSION = YES_AGGRESSIVE;
				CLANG_CXX_LANGUAGE_STANDARD = "gnu++14";
				CLANG_CXX_LIBRARY = "libc++";
				CLANG_ENABLE_MODULES = YES;
				CLANG_ENABLE_OBJC_ARC = YES;
				CLANG_ENABLE_OBJC_WEAK = YES;
				CLANG_WARN_BLOCK_CAPTURE_AUTORELEASING = YES;
				CLANG_WARN_BOOL_CONVERSION = YES;
				CLANG_WARN_COMMA = YES;
				CLANG_WARN_CONSTANT_CONVERSION = YES;
				CLANG_WARN_DEPRECATED_OBJC_IMPLEMENTATIONS = YES;
				CLANG_WARN_DIRECT_OBJC_ISA_USAGE = YES_ERROR;
				CLANG_WARN_DOCUMENTATION_COMMENTS = YES;
				CLANG_WARN_EMPTY_BODY = YES;
				CLANG_WARN_ENUM_CONVERSION = YES;
				CLANG_WARN_INFINITE_RECURSION = YES;
				CLANG_WARN_INT_CONVERSION = YES;
				CLANG_WARN_NON_LITERAL_NULL_CONVERSION = YES;
				CLANG_WARN_OBJC_IMPLICIT_RETAIN_SELF = YES;
				CLANG_WARN_OBJC_LITERAL_CONVERSION = YES;
				CLANG_WARN_OBJC_ROOT_CLASS = YES_ERROR;
				CLANG_WARN_QUOTED_INCLUDE_IN_FRAMEWORK_HEADER = YES;
				CLANG_WARN_RANGE_LOOP_ANALYSIS = YES;
				CLANG_WARN_STRICT_PROTOTYPES = YES;
				CLANG_WARN_SUSPICIOUS_MOVE = YES;
				CLANG_WARN_UNGUARDED_AVAILABILITY = YES_AGGRESSIVE;
				CLANG_WARN_UNREACHABLE_CODE = YES;
				CLANG_WARN__DUPLICATE_METHOD_MATCH = YES;
				COPY_PHASE_STRIP = NO;
				DEBUG_INFORMATION_FORMAT = "dwarf-with-dsym";
				ENABLE_NS_ASSERTIONS = NO;
				ENABLE_STRICT_OBJC_MSGSEND = YES;
				GCC_C_LANGUAGE_STANDARD = gnu11;
				GCC_NO_COMMON_BLOCKS = YES;
				GCC_WARN_64_TO_32_BIT_CONVERSION = YES;
				GCC_WARN_ABOUT_RETURN_TYPE = YES_ERROR;
				GCC_WARN_UNDECLARED_SELECTOR = YES;
				GCC_WARN_UNINITIALIZED_AUTOS = YES_AGGRESSIVE;
				GCC_WARN_UNUSED_FUNCTION = YES;
				GCC_WARN_UNUSED_VARIABLE = YES;
				IPHONEOS_DEPLOYMENT_TARGET = 14.4;
				MTL_ENABLE_DEBUG_INFO = NO;
				MTL_FAST_MATH = YES;
				SDKROOT = iphoneos;
				SWIFT_COMPILATION_MODE = wholemodule;
				SWIFT_OPTIMIZATION_LEVEL = "-O";
				VALIDATE_PRODUCT = YES;
			};
			name = Release;
		};
		3E672A6925F94DCE00A42219 /* Debug */ = {
			isa = XCBuildConfiguration;
			buildSettings = {
				ASSETCATALOG_COMPILER_APPICON_NAME = AppIcon;
				ASSETCATALOG_COMPILER_GLOBAL_ACCENT_COLOR_NAME = AccentColor;
				CODE_SIGN_STYLE = Automatic;
				DEVELOPMENT_ASSET_PATHS = "\"Me/Preview Content\"";
				DEVELOPMENT_TEAM = 4349JC4AHG;
				ENABLE_PREVIEWS = YES;
				INFOPLIST_FILE = Me/Info.plist;
				IPHONEOS_DEPLOYMENT_TARGET = 14.0;
				LD_RUNPATH_SEARCH_PATHS = (
					"$(inherited)",
					"@executable_path/Frameworks",
				);
				PRODUCT_BUNDLE_IDENTIFIER = com.imethansmith.Me;
				PRODUCT_NAME = "$(TARGET_NAME)";
				SWIFT_VERSION = 5.0;
				TARGETED_DEVICE_FAMILY = "1,2";
			};
			name = Debug;
		};
		3E672A6A25F94DCE00A42219 /* Release */ = {
			isa = XCBuildConfiguration;
			buildSettings = {
				ASSETCATALOG_COMPILER_APPICON_NAME = AppIcon;
				ASSETCATALOG_COMPILER_GLOBAL_ACCENT_COLOR_NAME = AccentColor;
				CODE_SIGN_STYLE = Automatic;
				DEVELOPMENT_ASSET_PATHS = "\"Me/Preview Content\"";
				DEVELOPMENT_TEAM = 4349JC4AHG;
				ENABLE_PREVIEWS = YES;
				INFOPLIST_FILE = Me/Info.plist;
				IPHONEOS_DEPLOYMENT_TARGET = 14.0;
				LD_RUNPATH_SEARCH_PATHS = (
					"$(inherited)",
					"@executable_path/Frameworks",
				);
				PRODUCT_BUNDLE_IDENTIFIER = com.imethansmith.Me;
				PRODUCT_NAME = "$(TARGET_NAME)";
				SWIFT_VERSION = 5.0;
				TARGETED_DEVICE_FAMILY = "1,2";
			};
			name = Release;
		};
		3E672A6C25F94DCE00A42219 /* Debug */ = {
			isa = XCBuildConfiguration;
			buildSettings = {
				ALWAYS_EMBED_SWIFT_STANDARD_LIBRARIES = YES;
				BUNDLE_LOADER = "$(TEST_HOST)";
				CODE_SIGN_STYLE = Automatic;
				DEVELOPMENT_TEAM = 4349JC4AHG;
				INFOPLIST_FILE = MeTests/Info.plist;
				IPHONEOS_DEPLOYMENT_TARGET = 14.0;
				LD_RUNPATH_SEARCH_PATHS = (
					"$(inherited)",
					"@executable_path/Frameworks",
					"@loader_path/Frameworks",
				);
				PRODUCT_BUNDLE_IDENTIFIER = com.imethansmith.MeTests;
				PRODUCT_NAME = "$(TARGET_NAME)";
				SWIFT_VERSION = 5.0;
				TARGETED_DEVICE_FAMILY = "1,2";
				TEST_HOST = "$(BUILT_PRODUCTS_DIR)/Me.app/Me";
			};
			name = Debug;
		};
		3E672A6D25F94DCE00A42219 /* Release */ = {
			isa = XCBuildConfiguration;
			buildSettings = {
				ALWAYS_EMBED_SWIFT_STANDARD_LIBRARIES = YES;
				BUNDLE_LOADER = "$(TEST_HOST)";
				CODE_SIGN_STYLE = Automatic;
				DEVELOPMENT_TEAM = 4349JC4AHG;
				INFOPLIST_FILE = MeTests/Info.plist;
				IPHONEOS_DEPLOYMENT_TARGET = 14.0;
				LD_RUNPATH_SEARCH_PATHS = (
					"$(inherited)",
					"@executable_path/Frameworks",
					"@loader_path/Frameworks",
				);
				PRODUCT_BUNDLE_IDENTIFIER = com.imethansmith.MeTests;
				PRODUCT_NAME = "$(TARGET_NAME)";
				SWIFT_VERSION = 5.0;
				TARGETED_DEVICE_FAMILY = "1,2";
				TEST_HOST = "$(BUILT_PRODUCTS_DIR)/Me.app/Me";
			};
			name = Release;
		};
		3E672A6F25F94DCE00A42219 /* Debug */ = {
			isa = XCBuildConfiguration;
			buildSettings = {
				ALWAYS_EMBED_SWIFT_STANDARD_LIBRARIES = YES;
				CODE_SIGN_STYLE = Automatic;
				DEVELOPMENT_TEAM = 4349JC4AHG;
				INFOPLIST_FILE = MeUITests/Info.plist;
				LD_RUNPATH_SEARCH_PATHS = (
					"$(inherited)",
					"@executable_path/Frameworks",
					"@loader_path/Frameworks",
				);
				PRODUCT_BUNDLE_IDENTIFIER = com.imethansmith.MeUITests;
				PRODUCT_NAME = "$(TARGET_NAME)";
				SWIFT_VERSION = 5.0;
				TARGETED_DEVICE_FAMILY = "1,2";
				TEST_TARGET_NAME = Me;
			};
			name = Debug;
		};
		3E672A7025F94DCE00A42219 /* Release */ = {
			isa = XCBuildConfiguration;
			buildSettings = {
				ALWAYS_EMBED_SWIFT_STANDARD_LIBRARIES = YES;
				CODE_SIGN_STYLE = Automatic;
				DEVELOPMENT_TEAM = 4349JC4AHG;
				INFOPLIST_FILE = MeUITests/Info.plist;
				LD_RUNPATH_SEARCH_PATHS = (
					"$(inherited)",
					"@executable_path/Frameworks",
					"@loader_path/Frameworks",
				);
				PRODUCT_BUNDLE_IDENTIFIER = com.imethansmith.MeUITests;
				PRODUCT_NAME = "$(TARGET_NAME)";
				SWIFT_VERSION = 5.0;
				TARGETED_DEVICE_FAMILY = "1,2";
				TEST_TARGET_NAME = Me;
			};
			name = Release;
		};
/* End XCBuildConfiguration section */

/* Begin XCConfigurationList section */
		3E672A3E25F94DCB00A42219 /* Build configuration list for PBXProject "Me" */ = {
			isa = XCConfigurationList;
			buildConfigurations = (
				3E672A6625F94DCE00A42219 /* Debug */,
				3E672A6725F94DCE00A42219 /* Release */,
			);
			defaultConfigurationIsVisible = 0;
			defaultConfigurationName = Release;
		};
		3E672A6825F94DCE00A42219 /* Build configuration list for PBXNativeTarget "Me" */ = {
			isa = XCConfigurationList;
			buildConfigurations = (
				3E672A6925F94DCE00A42219 /* Debug */,
				3E672A6A25F94DCE00A42219 /* Release */,
			);
			defaultConfigurationIsVisible = 0;
			defaultConfigurationName = Release;
		};
		3E672A6B25F94DCE00A42219 /* Build configuration list for PBXNativeTarget "MeTests" */ = {
			isa = XCConfigurationList;
			buildConfigurations = (
				3E672A6C25F94DCE00A42219 /* Debug */,
				3E672A6D25F94DCE00A42219 /* Release */,
			);
			defaultConfigurationIsVisible = 0;
			defaultConfigurationName = Release;
		};
		3E672A6E25F94DCE00A42219 /* Build configuration list for PBXNativeTarget "MeUITests" */ = {
			isa = XCConfigurationList;
			buildConfigurations = (
				3E672A6F25F94DCE00A42219 /* Debug */,
				3E672A7025F94DCE00A42219 /* Release */,
			);
			defaultConfigurationIsVisible = 0;
			defaultConfigurationName = Release;
		};
/* End XCConfigurationList section */
	};
	rootObject = 3E672A3B25F94DCB00A42219 /* Project object */;
}
